Microsoft Visual Studio Solution File, Format Version 12.00
# Visual Studio Version 16
VisualStudioVersion = 16.0.0.0
MinimumVisualStudioVersion = 16.0.0.0
Project("{9A19103F-16F7-4668-BE54-9A1E7A4F7556}") = "ZoomersClient.Server", "Server\ZoomersClient.Server.csproj", "{B176985B-D5DB-4D04-9E8D-0EA8827C0344}"
EndProject
Project("{9A19103F-16F7-4668-BE54-9A1E7A4F7556}") = "ZoomersClient.Client", "Client\ZoomersClient.Client.csproj", "{745EBD11-6D37-4E25-90B2-483D9FA16A1E}"
EndProject
Project("{9A19103F-16F7-4668-BE54-9A1E7A4F7556}") = "ZoomersClient.Shared", "Shared\ZoomersClient.Shared.csproj", "{A3E86056-03A4-4ADC-B921-FD51E5DD14A7}"
EndProject
Global
	GlobalSection(SolutionConfigurationPlatforms) = preSolution
		Debug|Any CPU = Debug|Any CPU
		Debug|x64 = Debug|x64
		Debug|x86 = Debug|x86
		Release|Any CPU = Release|Any CPU
		Release|x64 = Release|x64
		Release|x86 = Release|x86
	EndGlobalSection
	GlobalSection(ProjectConfigurationPlatforms) = postSolution
		{B176985B-D5DB-4D04-9E8D-0EA8827C0344}.Debug|Any CPU.ActiveCfg = Debug|Any CPU
		{B176985B-D5DB-4D04-9E8D-0EA8827C0344}.Debug|Any CPU.Build.0 = Debug|Any CPU
		{B176985B-D5DB-4D04-9E8D-0EA8827C0344}.Debug|x64.ActiveCfg = Debug|Any CPU
		{B176985B-D5DB-4D04-9E8D-0EA8827C0344}.Debug|x64.Build.0 = Debug|Any CPU
		{B176985B-D5DB-4D04-9E8D-0EA8827C0344}.Debug|x86.ActiveCfg = Debug|Any CPU
		{B176985B-D5DB-4D04-9E8D-0EA8827C0344}.Debug|x86.Build.0 = Debug|Any CPU
		{B176985B-D5DB-4D04-9E8D-0EA8827C0344}.Release|Any CPU.ActiveCfg = Release|Any CPU
		{B176985B-D5DB-4D04-9E8D-0EA8827C0344}.Release|Any CPU.Build.0 = Release|Any CPU
		{B176985B-D5DB-4D04-9E8D-0EA8827C0344}.Release|x64.ActiveCfg = Release|Any CPU
		{B176985B-D5DB-4D04-9E8D-0EA8827C0344}.Release|x64.Build.0 = Release|Any CPU
		{B176985B-D5DB-4D04-9E8D-0EA8827C0344}.Release|x86.ActiveCfg = Release|Any CPU
		{B176985B-D5DB-4D04-9E8D-0EA8827C0344}.Release|x86.Build.0 = Release|Any CPU
		{745EBD11-6D37-4E25-90B2-483D9FA16A1E}.Debug|Any CPU.ActiveCfg = Debug|Any CPU
		{745EBD11-6D37-4E25-90B2-483D9FA16A1E}.Debug|Any CPU.Build.0 = Debug|Any CPU
		{745EBD11-6D37-4E25-90B2-483D9FA16A1E}.Debug|x64.ActiveCfg = Debug|Any CPU
		{745EBD11-6D37-4E25-90B2-483D9FA16A1E}.Debug|x64.Build.0 = Debug|Any CPU
		{745EBD11-6D37-4E25-90B2-483D9FA16A1E}.Debug|x86.ActiveCfg = Debug|Any CPU
		{745EBD11-6D37-4E25-90B2-483D9FA16A1E}.Debug|x86.Build.0 = Debug|Any CPU
		{745EBD11-6D37-4E25-90B2-483D9FA16A1E}.Release|Any CPU.ActiveCfg = Release|Any CPU
		{745EBD11-6D37-4E25-90B2-483D9FA16A1E}.Release|Any CPU.Build.0 = Release|Any CPU
		{745EBD11-6D37-4E25-90B2-483D9FA16A1E}.Release|x64.ActiveCfg = Release|Any CPU
		{745EBD11-6D37-4E25-90B2-483D9FA16A1E}.Release|x64.Build.0 = Release|Any CPU
		{745EBD11-6D37-4E25-90B2-483D9FA16A1E}.Release|x86.ActiveCfg = Release|Any CPU
		{745EBD11-6D37-4E25-90B2-483D9FA16A1E}.Release|x86.Build.0 = Release|Any CPU
		{A3E86056-03A4-4ADC-B921-FD51E5DD14A7}.Debug|Any CPU.ActiveCfg = Debug|Any CPU
		{A3E86056-03A4-4ADC-B921-FD51E5DD14A7}.Debug|Any CPU.Build.0 = Debug|Any CPU
		{A3E86056-03A4-4ADC-B921-FD51E5DD14A7}.Debug|x64.ActiveCfg = Debug|Any CPU
		{A3E86056-03A4-4ADC-B921-FD51E5DD14A7}.Debug|x64.Build.0 = Debug|Any CPU
		{A3E86056-03A4-4ADC-B921-FD51E5DD14A7}.Debug|x86.ActiveCfg = Debug|Any CPU
		{A3E86056-03A4-4ADC-B921-FD51E5DD14A7}.Debug|x86.Build.0 = Debug|Any CPU
		{A3E86056-03A4-4ADC-B921-FD51E5DD14A7}.Release|Any CPU.ActiveCfg = Release|Any CPU
		{A3E86056-03A4-4ADC-B921-FD51E5DD14A7}.Release|Any CPU.Build.0 = Release|Any CPU
		{A3E86056-03A4-4ADC-B921-FD51E5DD14A7}.Release|x64.ActiveCfg = Release|Any CPU
		{A3E86056-03A4-4ADC-B921-FD51E5DD14A7}.Release|x64.Build.0 = Release|Any CPU
		{A3E86056-03A4-4ADC-B921-FD51E5DD14A7}.Release|x86.ActiveCfg = Release|Any CPU
		{A3E86056-03A4-4ADC-B921-FD51E5DD14A7}.Release|x86.Build.0 = Release|Any CPU
	EndGlobalSection
	GlobalSection(SolutionProperties) = preSolution
		HideSolutionNode = FALSE
	EndGlobalSection
	GlobalSection(ExtensibilityGlobals) = postSolution
		SolutionGuid = {025B6A7E-50F7-491F-BF6D-70BEFF55DAF7}
	EndGlobalSection
EndGlobal
